
Microsoft Visual Studio Solution File, Format Version 12.00
# Visual Studio Version 17
VisualStudioVersion = 17.10.35122.118
MinimumVisualStudioVersion = 10.0.40219.1
Project("{8BC9CEB8-8B4A-11D0-8D11-00A0C91BC942}") = "1_practicum", "1_practicum\1_practicum.vcxproj", "{450229DE-7D43-425F-9231-FC75E57B35E5}"
EndProject
Global
	GlobalSection(SolutionConfigurationPlatforms) = preSolution
		Debug|x64 = Debug|x64
		Debug|x86 = Debug|x86
		Release|x64 = Release|x64
		Release|x86 = Release|x86
	EndGlobalSection
	GlobalSection(ProjectConfigurationPlatforms) = postSolution
		{450229DE-7D43-425F-9231-FC75E57B35E5}.Debug|x64.ActiveCfg = Debug|x64
		{450229DE-7D43-425F-9231-FC75E57B35E5}.Debug|x64.Build.0 = Debug|x64
		{450229DE-7D43-425F-9231-FC75E57B35E5}.Debug|x86.ActiveCfg = Debug|Win32
		{450229DE-7D43-425F-9231-FC75E57B35E5}.Debug|x86.Build.0 = Debug|Win32
		{450229DE-7D43-425F-9231-FC75E57B35E5}.Release|x64.ActiveCfg = Release|x64
		{450229DE-7D43-425F-9231-FC75E57B35E5}.Release|x64.Build.0 = Release|x64
		{450229DE-7D43-425F-9231-FC75E57B35E5}.Release|x86.ActiveCfg = Release|Win32
		{450229DE-7D43-425F-9231-FC75E57B35E5}.Release|x86.Build.0 = Release|Win32
	EndGlobalSection
	GlobalSection(SolutionProperties) = preSolution
		HideSolutionNode = FALSE
	EndGlobalSection
	GlobalSection(ExtensibilityGlobals) = postSolution
		SolutionGuid = {6987CC12-B838-457C-83AD-5BE4146C4338}
	EndGlobalSection
EndGlobal
